
Microsoft Visual Studio Solution File, Format Version 12.00
# Visual Studio Version 16
VisualStudioVersion = 16.0.29709.97
MinimumVisualStudioVersion = 10.0.40219.1
Project("{FAE04EC0-301F-11D3-BF4B-00C04F79EFBC}") = "TodoApiTests", "TodoApiTests\TodoApiTests.csproj", "{645EC76B-0D70-4FCC-AB7F-6A70CC1B07F5}"
EndProject
Global
	GlobalSection(SolutionConfigurationPlatforms) = preSolution
		Debug|Any CPU = Debug|Any CPU
		Release|Any CPU = Release|Any CPU
	EndGlobalSection
	GlobalSection(ProjectConfigurationPlatforms) = postSolution
		{645EC76B-0D70-4FCC-AB7F-6A70CC1B07F5}.Debug|Any CPU.ActiveCfg = Debug|Any CPU
		{645EC76B-0D70-4FCC-AB7F-6A70CC1B07F5}.Debug|Any CPU.Build.0 = Debug|Any CPU
		{645EC76B-0D70-4FCC-AB7F-6A70CC1B07F5}.Release|Any CPU.ActiveCfg = Release|Any CPU
		{645EC76B-0D70-4FCC-AB7F-6A70CC1B07F5}.Release|Any CPU.Build.0 = Release|Any CPU
	EndGlobalSection
	GlobalSection(SolutionProperties) = preSolution
		HideSolutionNode = FALSE
	EndGlobalSection
	GlobalSection(ExtensibilityGlobals) = postSolution
		SolutionGuid = {B6B56438-A0BD-4BC1-A311-E4ABB5156F3C}
	EndGlobalSection
EndGlobal
